%{"comeonin": {:hex, :comeonin, "2.5.2"},
  "connection": {:hex, :connection, "1.0.4"},
  "cowboy": {:hex, :cowboy, "1.0.4"},
  "cowlib": {:hex, :cowlib, "1.0.2"},
  "decimal": {:hex, :decimal, "1.1.2"},
  "ecto": {:hex, :ecto, "1.1.9"},
  "gettext": {:hex, :gettext, "0.11.0"},
  "mariaex": {:hex, :mariaex, "0.6.5"},
  "mime": {:hex, :mime, "1.0.1"},
  "phoenix": {:hex, :phoenix, "1.1.6"},
  "phoenix_ecto": {:hex, :phoenix_ecto, "2.0.2"},
  "plug": {:hex, :plug, "1.2.0"},
  "poison": {:hex, :poison, "2.2.0"},
  "poolboy": {:hex, :poolboy, "1.5.1"},
  "ranch": {:hex, :ranch, "1.2.1"}}
